// !$*UTF8*$!
{
	archiveVersion = 1;
	classes = {
	};
	objectVersion = 55;
	objects = {

/* Begin PBXBuildFile section */
		6C9707B228CF5F5300FD34F8 /* Recipe_AdvancedApp.swift in Sources */ = {isa = PBXBuildFile; fileRef = 6C9707B128CF5F5300FD34F8 /* Recipe_AdvancedApp.swift */; };
		6C9707B628CF5F5300FD34F8 /* Assets.xcassets in Resources */ = {isa = PBXBuildFile; fileRef = 6C9707B528CF5F5300FD34F8 /* Assets.xcassets */; };
		6C9707B928CF5F5300FD34F8 /* Preview Assets.xcassets in Resources */ = {isa = PBXBuildFile; fileRef = 6C9707B828CF5F5300FD34F8 /* Preview Assets.xcassets */; };
		6C9707C528CF5FBC00FD34F8 /* RecipeListView.swift in Sources */ = {isa = PBXBuildFile; fileRef = 6C9707C428CF5FBC00FD34F8 /* RecipeListView.swift */; };
		6C9707C728CF5FF900FD34F8 /* RecipeDetailView.swift in Sources */ = {isa = PBXBuildFile; fileRef = 6C9707C628CF5FF900FD34F8 /* RecipeDetailView.swift */; };
		6C9707C928CF602900FD34F8 /* RecipeModel.swift in Sources */ = {isa = PBXBuildFile; fileRef = 6C9707C828CF602900FD34F8 /* RecipeModel.swift */; };
		6C9707CB28CF604300FD34F8 /* Recipe.swift in Sources */ = {isa = PBXBuildFile; fileRef = 6C9707CA28CF604300FD34F8 /* Recipe.swift */; };
		6C9707CD28CF605A00FD34F8 /* DataService.swift in Sources */ = {isa = PBXBuildFile; fileRef = 6C9707CC28CF605A00FD34F8 /* DataService.swift */; };
		6C9707CF28CF606F00FD34F8 /* recipes.json in Resources */ = {isa = PBXBuildFile; fileRef = 6C9707CE28CF606F00FD34F8 /* recipes.json */; };
/* End PBXBuildFile section */

/* Begin PBXFileReference section */
		6C9707AE28CF5F5300FD34F8 /* Recipe Advanced.app */ = {isa = PBXFileReference; explicitFileType = wrapper.application; includeInIndex = 0; path = "Recipe Advanced.app"; sourceTree = BUILT_PRODUCTS_DIR; };
		6C9707B128CF5F5300FD34F8 /* Recipe_AdvancedApp.swift */ = {isa = PBXFileReference; lastKnownFileType = sourcecode.swift; path = Recipe_AdvancedApp.swift; sourceTree = "<group>"; };
		6C9707B528CF5F5300FD34F8 /* Assets.xcassets */ = {isa = PBXFileReference; lastKnownFileType = folder.assetcatalog; path = Assets.xcassets; sourceTree = "<group>"; };
		6C9707B828CF5F5300FD34F8 /* Preview Assets.xcassets */ = {isa = PBXFileReference; lastKnownFileType = folder.assetcatalog; path = "Preview Assets.xcassets"; sourceTree = "<group>"; };
		6C9707C428CF5FBC00FD34F8 /* RecipeListView.swift */ = {isa = PBXFileReference; lastKnownFileType = sourcecode.swift; path = RecipeListView.swift; sourceTree = "<group>"; };
		6C9707C628CF5FF900FD34F8 /* RecipeDetailView.swift */ = {isa = PBXFileReference; lastKnownFileType = sourcecode.swift; path = RecipeDetailView.swift; sourceTree = "<group>"; };
		6C9707C828CF602900FD34F8 /* RecipeModel.swift */ = {isa = PBXFileReference; lastKnownFileType = sourcecode.swift; path = RecipeModel.swift; sourceTree = "<group>"; };
		6C9707CA28CF604300FD34F8 /* Recipe.swift */ = {isa = PBXFileReference; lastKnownFileType = sourcecode.swift; path = Recipe.swift; sourceTree = "<group>"; };
		6C9707CC28CF605A00FD34F8 /* DataService.swift */ = {isa = PBXFileReference; lastKnownFileType = sourcecode.swift; path = DataService.swift; sourceTree = "<group>"; };
		6C9707CE28CF606F00FD34F8 /* recipes.json */ = {isa = PBXFileReference; lastKnownFileType = text.json; path = recipes.json; sourceTree = "<group>"; };
/* End PBXFileReference section */

/* Begin PBXFrameworksBuildPhase section */
		6C9707AB28CF5F5300FD34F8 /* Frameworks */ = {
			isa = PBXFrameworksBuildPhase;
			buildActionMask = 2147483647;
			files = (
			);
			runOnlyForDeploymentPostprocessing = 0;
		};
/* End PBXFrameworksBuildPhase section */

/* Begin PBXGroup section */
		6C9707A528CF5F5300FD34F8 = {
			isa = PBXGroup;
			children = (
				6C9707B028CF5F5300FD34F8 /* Recipe Advanced */,
				6C9707AF28CF5F5300FD34F8 /* Products */,
			);
			sourceTree = "<group>";
		};
		6C9707AF28CF5F5300FD34F8 /* Products */ = {
			isa = PBXGroup;
			children = (
				6C9707AE28CF5F5300FD34F8 /* Recipe Advanced.app */,
			);
			name = Products;
			sourceTree = "<group>";
		};
		6C9707B028CF5F5300FD34F8 /* Recipe Advanced */ = {
			isa = PBXGroup;
			children = (
				6C9707B128CF5F5300FD34F8 /* Recipe_AdvancedApp.swift */,
				6C9707BF28CF5F6700FD34F8 /* Views */,
				6C9707C028CF5F6D00FD34F8 /* ViewModels */,
				6C9707C128CF5F7E00FD34F8 /* Models */,
				6C9707C228CF5F8500FD34F8 /* Services */,
				6C9707C328CF5F8E00FD34F8 /* Data */,
				6C9707B528CF5F5300FD34F8 /* Assets.xcassets */,
				6C9707B728CF5F5300FD34F8 /* Preview Content */,
			);
			path = "Recipe Advanced";
			sourceTree = "<group>";
		};
		6C9707B728CF5F5300FD34F8 /* Preview Content */ = {
			isa = PBXGroup;
			children = (
				6C9707B828CF5F5300FD34F8 /* Preview Assets.xcassets */,
			);
			path = "Preview Content";
			sourceTree = "<group>";
		};
		6C9707BF28CF5F6700FD34F8 /* Views */ = {
			isa = PBXGroup;
			children = (
				6C9707C428CF5FBC00FD34F8 /* RecipeListView.swift */,
				6C9707C628CF5FF900FD34F8 /* RecipeDetailView.swift */,
			);
			path = Views;
			sourceTree = "<group>";
		};
		6C9707C028CF5F6D00FD34F8 /* ViewModels */ = {
			isa = PBXGroup;
			children = (
				6C9707C828CF602900FD34F8 /* RecipeModel.swift */,
			);
			path = ViewModels;
			sourceTree = "<group>";
		};
		6C9707C128CF5F7E00FD34F8 /* Models */ = {
			isa = PBXGroup;
			children = (
				6C9707CA28CF604300FD34F8 /* Recipe.swift */,
			);
			path = Models;
			sourceTree = "<group>";
		};
		6C9707C228CF5F8500FD34F8 /* Services */ = {
			isa = PBXGroup;
			children = (
				6C9707CC28CF605A00FD34F8 /* DataService.swift */,
			);
			path = Services;
			sourceTree = "<group>";
		};
		6C9707C328CF5F8E00FD34F8 /* Data */ = {
			isa = PBXGroup;
			children = (
				6C9707CE28CF606F00FD34F8 /* recipes.json */,
			);
			path = Data;
			sourceTree = "<group>";
		};
/* End PBXGroup section */

/* Begin PBXNativeTarget section */
		6C9707AD28CF5F5300FD34F8 /* Recipe Advanced */ = {
			isa = PBXNativeTarget;
			buildConfigurationList = 6C9707BC28CF5F5300FD34F8 /* Build configuration list for PBXNativeTarget "Recipe Advanced" */;
			buildPhases = (
				6C9707AA28CF5F5300FD34F8 /* Sources */,
				6C9707AB28CF5F5300FD34F8 /* Frameworks */,
				6C9707AC28CF5F5300FD34F8 /* Resources */,
			);
			buildRules = (
			);
			dependencies = (
			);
			name = "Recipe Advanced";
			productName = "Recipe Advanced";
			productReference = 6C9707AE28CF5F5300FD34F8 /* Recipe Advanced.app */;
			productType = "com.apple.product-type.application";
		};
/* End PBXNativeTarget section */

/* Begin PBXProject section */
		6C9707A628CF5F5300FD34F8 /* Project object */ = {
			isa = PBXProject;
			attributes = {
				BuildIndependentTargetsInParallel = 1;
				LastSwiftUpdateCheck = 1340;
				LastUpgradeCheck = 1340;
				TargetAttributes = {
					6C9707AD28CF5F5300FD34F8 = {
						CreatedOnToolsVersion = 13.4.1;
					};
				};
			};
			buildConfigurationList = 6C9707A928CF5F5300FD34F8 /* Build configuration list for PBXProject "Recipe Advanced" */;
			compatibilityVersion = "Xcode 13.0";
			developmentRegion = en;
			hasScannedForEncodings = 0;
			knownRegions = (
				en,
				Base,
			);
			mainGroup = 6C9707A528CF5F5300FD34F8;
			productRefGroup = 6C9707AF28CF5F5300FD34F8 /* Products */;
			projectDirPath = "";
			projectRoot = "";
			targets = (
				6C9707AD28CF5F5300FD34F8 /* Recipe Advanced */,
			);
		};
/* End PBXProject section */

/* Begin PBXResourcesBuildPhase section */
		6C9707AC28CF5F5300FD34F8 /* Resources */ = {
			isa = PBXResourcesBuildPhase;
			buildActionMask = 2147483647;
			files = (
				6C9707B928CF5F5300FD34F8 /* Preview Assets.xcassets in Resources */,
				6C9707CF28CF606F00FD34F8 /* recipes.json in Resources */,
				6C9707B628CF5F5300FD34F8 /* Assets.xcassets in Resources */,
			);
			runOnlyForDeploymentPostprocessing = 0;
		};
/* End PBXResourcesBuildPhase section */

/* Begin PBXSourcesBuildPhase section */
		6C9707AA28CF5F5300FD34F8 /* Sources */ = {
			isa = PBXSourcesBuildPhase;
			buildActionMask = 2147483647;
			files = (
				6C9707C528CF5FBC00FD34F8 /* RecipeListView.swift in Sources */,
				6C9707CD28CF605A00FD34F8 /* DataService.swift in Sources */,
				6C9707C928CF602900FD34F8 /* RecipeModel.swift in Sources */,
				6C9707CB28CF604300FD34F8 /* Recipe.swift in Sources */,
				6C9707B228CF5F5300FD34F8 /* Recipe_AdvancedApp.swift in Sources */,
				6C9707C728CF5FF900FD34F8 /* RecipeDetailView.swift in Sources */,
			);
			runOnlyForDeploymentPostprocessing = 0;
		};
/* End PBXSourcesBuildPhase section */

/* Begin XCBuildConfiguration section */
		6C9707BA28CF5F5300FD34F8 /* Debug */ = {
			isa = XCBuildConfiguration;
			buildSettings = {
				ALWAYS_SEARCH_USER_PATHS = NO;
				CLANG_ANALYZER_NONNULL = YES;
				CLANG_ANALYZER_NUMBER_OBJECT_CONVERSION = YES_AGGRESSIVE;
				CLANG_CXX_LANGUAGE_STANDARD = "gnu++17";
				CLANG_ENABLE_MODULES = YES;
				CLANG_ENABLE_OBJC_ARC = YES;
				CLANG_ENABLE_OBJC_WEAK = YES;
				CLANG_WARN_BLOCK_CAPTURE_AUTORELEASING = YES;
				CLANG_WARN_BOOL_CONVERSION = YES;
				CLANG_WARN_COMMA = YES;
				CLANG_WARN_CONSTANT_CONVERSION = YES;
				CLANG_WARN_DEPRECATED_OBJC_IMPLEMENTATIONS = YES;
				CLANG_WARN_DIRECT_OBJC_ISA_USAGE = YES_ERROR;
				CLANG_WARN_DOCUMENTATION_COMMENTS = YES;
				CLANG_WARN_EMPTY_BODY = YES;
				CLANG_WARN_ENUM_CONVERSION = YES;
				CLANG_WARN_INFINITE_RECURSION = YES;
				CLANG_WARN_INT_CONVERSION = YES;
				CLANG_WARN_NON_LITERAL_NULL_CONVERSION = YES;
				CLANG_WARN_OBJC_IMPLICIT_RETAIN_SELF = YES;
				CLANG_WARN_OBJC_LITERAL_CONVERSION = YES;
				CLANG_WARN_OBJC_ROOT_CLASS = YES_ERROR;
				CLANG_WARN_QUOTED_INCLUDE_IN_FRAMEWORK_HEADER = YES;
				CLANG_WARN_RANGE_LOOP_ANALYSIS = YES;
				CLANG_WARN_STRICT_PROTOTYPES = YES;
				CLANG_WARN_SUSPICIOUS_MOVE = YES;
				CLANG_WARN_UNGUARDED_AVAILABILITY = YES_AGGRESSIVE;
				CLANG_WARN_UNREACHABLE_CODE = YES;
				CLANG_WARN__DUPLICATE_METHOD_MATCH = YES;
				COPY_PHASE_STRIP = NO;
				DEBUG_INFORMATION_FORMAT = dwarf;
				ENABLE_STRICT_OBJC_MSGSEND = YES;
				ENABLE_TESTABILITY = YES;
				GCC_C_LANGUAGE_STANDARD = gnu11;
				GCC_DYNAMIC_NO_PIC = NO;
				GCC_NO_COMMON_BLOCKS = YES;
				GCC_OPTIMIZATION_LEVEL = 0;
				GCC_PREPROCESSOR_DEFINITIONS = (
					"DEBUG=1",
					"$(inherited)",
				);
				GCC_WARN_64_TO_32_BIT_CONVERSION = YES;
				GCC_WARN_ABOUT_RETURN_TYPE = YES_ERROR;
				GCC_WARN_UNDECLARED_SELECTOR = YES;
				GCC_WARN_UNINITIALIZED_AUTOS = YES_AGGRESSIVE;
				GCC_WARN_UNUSED_FUNCTION = YES;
				GCC_WARN_UNUSED_VARIABLE = YES;
				IPHONEOS_DEPLOYMENT_TARGET = 15.5;
				MTL_ENABLE_DEBUG_INFO = INCLUDE_SOURCE;
				MTL_FAST_MATH = YES;
				ONLY_ACTIVE_ARCH = YES;
				SDKROOT = iphoneos;
				SWIFT_ACTIVE_COMPILATION_CONDITIONS = DEBUG;
				SWIFT_OPTIMIZATION_LEVEL = "-Onone";
			};
			name = Debug;
		};
		6C9707BB28CF5F5300FD34F8 /* Release */ = {
			isa = XCBuildConfiguration;
			buildSettings = {
				ALWAYS_SEARCH_USER_PATHS = NO;
				CLANG_ANALYZER_NONNULL = YES;
				CLANG_ANALYZER_NUMBER_OBJECT_CONVERSION = YES_AGGRESSIVE;
				CLANG_CXX_LANGUAGE_STANDARD = "gnu++17";
				CLANG_ENABLE_MODULES = YES;
				CLANG_ENABLE_OBJC_ARC = YES;
				CLANG_ENABLE_OBJC_WEAK = YES;
				CLANG_WARN_BLOCK_CAPTURE_AUTORELEASING = YES;
				CLANG_WARN_BOOL_CONVERSION = YES;
				CLANG_WARN_COMMA = YES;
				CLANG_WARN_CONSTANT_CONVERSION = YES;
				CLANG_WARN_DEPRECATED_OBJC_IMPLEMENTATIONS = YES;
				CLANG_WARN_DIRECT_OBJC_ISA_USAGE = YES_ERROR;
				CLANG_WARN_DOCUMENTATION_COMMENTS = YES;
				CLANG_WARN_EMPTY_BODY = YES;
				CLANG_WARN_ENUM_CONVERSION = YES;
				CLANG_WARN_INFINITE_RECURSION = YES;
				CLANG_WARN_INT_CONVERSION = YES;
				CLANG_WARN_NON_LITERAL_NULL_CONVERSION = YES;
				CLANG_WARN_OBJC_IMPLICIT_RETAIN_SELF = YES;
				CLANG_WARN_OBJC_LITERAL_CONVERSION = YES;
				CLANG_WARN_OBJC_ROOT_CLASS = YES_ERROR;
				CLANG_WARN_QUOTED_INCLUDE_IN_FRAMEWORK_HEADER = YES;
				CLANG_WARN_RANGE_LOOP_ANALYSIS = YES;
				CLANG_WARN_STRICT_PROTOTYPES = YES;
				CLANG_WARN_SUSPICIOUS_MOVE = YES;
				CLANG_WARN_UNGUARDED_AVAILABILITY = YES_AGGRESSIVE;
				CLANG_WARN_UNREACHABLE_CODE = YES;
				CLANG_WARN__DUPLICATE_METHOD_MATCH = YES;
				COPY_PHASE_STRIP = NO;
				DEBUG_INFORMATION_FORMAT = "dwarf-with-dsym";
				ENABLE_NS_ASSERTIONS = NO;
				ENABLE_STRICT_OBJC_MSGSEND = YES;
				GCC_C_LANGUAGE_STANDARD = gnu11;
				GCC_NO_COMMON_BLOCKS = YES;
				GCC_WARN_64_TO_32_BIT_CONVERSION = YES;
				GCC_WARN_ABOUT_RETURN_TYPE = YES_ERROR;
				GCC_WARN_UNDECLARED_SELECTOR = YES;
				GCC_WARN_UNINITIALIZED_AUTOS = YES_AGGRESSIVE;
				GCC_WARN_UNUSED_FUNCTION = YES;
				GCC_WARN_UNUSED_VARIABLE = YES;
				IPHONEOS_DEPLOYMENT_TARGET = 15.5;
				MTL_ENABLE_DEBUG_INFO = NO;
				MTL_FAST_MATH = YES;
				SDKROOT = iphoneos;
				SWIFT_COMPILATION_MODE = wholemodule;
				SWIFT_OPTIMIZATION_LEVEL = "-O";
				VALIDATE_PRODUCT = YES;
			};
			name = Release;
		};
		6C9707BD28CF5F5300FD34F8 /* Debug */ = {
			isa = XCBuildConfiguration;
			buildSettings = {
				ASSETCATALOG_COMPILER_APPICON_NAME = AppIcon;
				ASSETCATALOG_COMPILER_GLOBAL_ACCENT_COLOR_NAME = AccentColor;
				CODE_SIGN_STYLE = Automatic;
				CURRENT_PROJECT_VERSION = 1;
				DEVELOPMENT_ASSET_PATHS = "\"Recipe Advanced/Preview Content\"";
				ENABLE_PREVIEWS = YES;
				GENERATE_INFOPLIST_FILE = YES;
				INFOPLIST_KEY_UIApplicationSceneManifest_Generation = YES;
				INFOPLIST_KEY_UIApplicationSupportsIndirectInputEvents = YES;
				INFOPLIST_KEY_UILaunchScreen_Generation = YES;
				INFOPLIST_KEY_UISupportedInterfaceOrientations_iPad = "UIInterfaceOrientationPortrait UIInterfaceOrientationPortraitUpsideDown UIInterfaceOrientationLandscapeLeft UIInterfaceOrientationLandscapeRight";
				INFOPLIST_KEY_UISupportedInterfaceOrientations_iPhone = "UIInterfaceOrientationPortrait UIInterfaceOrientationLandscapeLeft UIInterfaceOrientationLandscapeRight";
				LD_RUNPATH_SEARCH_PATHS = (
					"$(inherited)",
					"@executable_path/Frameworks",
				);
				MARKETING_VERSION = 1.0;
				PRODUCT_BUNDLE_IDENTIFIER = "lulug.Recipe-Advanced";
				PRODUCT_NAME = "$(TARGET_NAME)";
				SWIFT_EMIT_LOC_STRINGS = YES;
				SWIFT_VERSION = 5.0;
				TARGETED_DEVICE_FAMILY = "1,2";
			};
			name = Debug;
		};
		6C9707BE28CF5F5300FD34F8 /* Release */ = {
			isa = XCBuildConfiguration;
			buildSettings = {
				ASSETCATALOG_COMPILER_APPICON_NAME = AppIcon;
				ASSETCATALOG_COMPILER_GLOBAL_ACCENT_COLOR_NAME = AccentColor;
				CODE_SIGN_STYLE = Automatic;
				CURRENT_PROJECT_VERSION = 1;
				DEVELOPMENT_ASSET_PATHS = "\"Recipe Advanced/Preview Content\"";
				ENABLE_PREVIEWS = YES;
				GENERATE_INFOPLIST_FILE = YES;
				INFOPLIST_KEY_UIApplicationSceneManifest_Generation = YES;
				INFOPLIST_KEY_UIApplicationSupportsIndirectInputEvents = YES;
				INFOPLIST_KEY_UILaunchScreen_Generation = YES;
				INFOPLIST_KEY_UISupportedInterfaceOrientations_iPad = "UIInterfaceOrientationPortrait UIInterfaceOrientationPortraitUpsideDown UIInterfaceOrientationLandscapeLeft UIInterfaceOrientationLandscapeRight";
				INFOPLIST_KEY_UISupportedInterfaceOrientations_iPhone = "UIInterfaceOrientationPortrait UIInterfaceOrientationLandscapeLeft UIInterfaceOrientationLandscapeRight";
				LD_RUNPATH_SEARCH_PATHS = (
					"$(inherited)",
					"@executable_path/Frameworks",
				);
				MARKETING_VERSION = 1.0;
				PRODUCT_BUNDLE_IDENTIFIER = "lulug.Recipe-Advanced";
				PRODUCT_NAME = "$(TARGET_NAME)";
				SWIFT_EMIT_LOC_STRINGS = YES;
				SWIFT_VERSION = 5.0;
				TARGETED_DEVICE_FAMILY = "1,2";
			};
			name = Release;
		};
/* End XCBuildConfiguration section */

/* Begin XCConfigurationList section */
		6C9707A928CF5F5300FD34F8 /* Build configuration list for PBXProject "Recipe Advanced" */ = {
			isa = XCConfigurationList;
			buildConfigurations = (
				6C9707BA28CF5F5300FD34F8 /* Debug */,
				6C9707BB28CF5F5300FD34F8 /* Release */,
			);
			defaultConfigurationIsVisible = 0;
			defaultConfigurationName = Release;
		};
		6C9707BC28CF5F5300FD34F8 /* Build configuration list for PBXNativeTarget "Recipe Advanced" */ = {
			isa = XCConfigurationList;
			buildConfigurations = (
				6C9707BD28CF5F5300FD34F8 /* Debug */,
				6C9707BE28CF5F5300FD34F8 /* Release */,
			);
			defaultConfigurationIsVisible = 0;
			defaultConfigurationName = Release;
		};
/* End XCConfigurationList section */
	};
	rootObject = 6C9707A628CF5F5300FD34F8 /* Project object */;
}
